
Microsoft Visual Studio Solution File, Format Version 12.00
# Visual Studio Version 17
VisualStudioVersion = 17.5.33209.295
MinimumVisualStudioVersion = 10.0.40219.1
Project("{FAE04EC0-301F-11D3-BF4B-00C04F79EFBC}") = "Day01", "Day01\Day01.csproj", "{8853AF6E-425A-4153-9D1C-B2D925085666}"
EndProject
Project("{FAE04EC0-301F-11D3-BF4B-00C04F79EFBC}") = "Day02", "Day02\Day02.csproj", "{10CE6FC3-E2A8-4F86-B00E-7A6D6BACEE7D}"
EndProject
Project("{FAE04EC0-301F-11D3-BF4B-00C04F79EFBC}") = "Day03", "Day03\Day03.csproj", "{9A88A703-58BD-48BC-BE6A-8E0572366BD6}"
EndProject
Project("{FAE04EC0-301F-11D3-BF4B-00C04F79EFBC}") = "Day04", "Day04\Day04.csproj", "{B75A8596-4D69-4725-8802-B30355B093C1}"
EndProject
Project("{FAE04EC0-301F-11D3-BF4B-00C04F79EFBC}") = "Day05", "Day05\Day05.csproj", "{89265594-15E8-433D-B88E-500C4A7BD568}"
EndProject
Project("{FAE04EC0-301F-11D3-BF4B-00C04F79EFBC}") = "Day06", "Day06\Day06.csproj", "{629572DF-F5BE-4CC0-8389-E6238A74274C}"
EndProject
Project("{FAE04EC0-301F-11D3-BF4B-00C04F79EFBC}") = "Day07", "Day07\Day07.csproj", "{194CFA64-9848-4B2E-8A9E-0B6E5E16F379}"
EndProject
Project("{FAE04EC0-301F-11D3-BF4B-00C04F79EFBC}") = "Day08", "Day08\Day08.csproj", "{1497CD01-03E2-4D3F-AA39-DC2EC16F1FF3}"
EndProject
Project("{FAE04EC0-301F-11D3-BF4B-00C04F79EFBC}") = "Day09", "Day09\Day09.csproj", "{62C7EFA5-EE85-4C99-A827-D2C92FECD825}"
EndProject
Project("{FAE04EC0-301F-11D3-BF4B-00C04F79EFBC}") = "Day10", "Day10\Day10.csproj", "{C0913C6B-6840-4AFC-9EE5-8B401ADB3F65}"
EndProject
Project("{FAE04EC0-301F-11D3-BF4B-00C04F79EFBC}") = "Day11", "Day11\Day11.csproj", "{99C82114-3444-404C-B408-122F23908199}"
EndProject
Project("{FAE04EC0-301F-11D3-BF4B-00C04F79EFBC}") = "Day12", "Day12\Day12.csproj", "{67169A49-2FB7-42CA-AC6E-7D6EBD2BE232}"
EndProject
Project("{FAE04EC0-301F-11D3-BF4B-00C04F79EFBC}") = "Day13", "Day13\Day13.csproj", "{6141F50E-E612-4380-84E7-346900753F34}"
EndProject
Project("{FAE04EC0-301F-11D3-BF4B-00C04F79EFBC}") = "Day14", "Day14\Day14.csproj", "{AB425E23-5742-43C0-9ACF-925A501A058E}"
EndProject
Project("{FAE04EC0-301F-11D3-BF4B-00C04F79EFBC}") = "Day15", "Day15\Day15.csproj", "{A03DC4C0-A11F-4AB3-AAA3-3C85800C587C}"
EndProject
Project("{FAE04EC0-301F-11D3-BF4B-00C04F79EFBC}") = "Day16", "Day16\Day16.csproj", "{648302B5-53EB-4111-9AAC-99176E6C24D7}"
EndProject
Global
	GlobalSection(SolutionConfigurationPlatforms) = preSolution
		Debug|Any CPU = Debug|Any CPU
		Release|Any CPU = Release|Any CPU
	EndGlobalSection
	GlobalSection(ProjectConfigurationPlatforms) = postSolution
		{8853AF6E-425A-4153-9D1C-B2D925085666}.Debug|Any CPU.ActiveCfg = Debug|Any CPU
		{8853AF6E-425A-4153-9D1C-B2D925085666}.Debug|Any CPU.Build.0 = Debug|Any CPU
		{8853AF6E-425A-4153-9D1C-B2D925085666}.Release|Any CPU.ActiveCfg = Release|Any CPU
		{8853AF6E-425A-4153-9D1C-B2D925085666}.Release|Any CPU.Build.0 = Release|Any CPU
		{10CE6FC3-E2A8-4F86-B00E-7A6D6BACEE7D}.Debug|Any CPU.ActiveCfg = Debug|Any CPU
		{10CE6FC3-E2A8-4F86-B00E-7A6D6BACEE7D}.Debug|Any CPU.Build.0 = Debug|Any CPU
		{10CE6FC3-E2A8-4F86-B00E-7A6D6BACEE7D}.Release|Any CPU.ActiveCfg = Release|Any CPU
		{10CE6FC3-E2A8-4F86-B00E-7A6D6BACEE7D}.Release|Any CPU.Build.0 = Release|Any CPU
		{9A88A703-58BD-48BC-BE6A-8E0572366BD6}.Debug|Any CPU.ActiveCfg = Debug|Any CPU
		{9A88A703-58BD-48BC-BE6A-8E0572366BD6}.Debug|Any CPU.Build.0 = Debug|Any CPU
		{9A88A703-58BD-48BC-BE6A-8E0572366BD6}.Release|Any CPU.ActiveCfg = Release|Any CPU
		{9A88A703-58BD-48BC-BE6A-8E0572366BD6}.Release|Any CPU.Build.0 = Release|Any CPU
		{B75A8596-4D69-4725-8802-B30355B093C1}.Debug|Any CPU.ActiveCfg = Debug|Any CPU
		{B75A8596-4D69-4725-8802-B30355B093C1}.Debug|Any CPU.Build.0 = Debug|Any CPU
		{B75A8596-4D69-4725-8802-B30355B093C1}.Release|Any CPU.ActiveCfg = Release|Any CPU
		{B75A8596-4D69-4725-8802-B30355B093C1}.Release|Any CPU.Build.0 = Release|Any CPU
		{89265594-15E8-433D-B88E-500C4A7BD568}.Debug|Any CPU.ActiveCfg = Debug|Any CPU
		{89265594-15E8-433D-B88E-500C4A7BD568}.Debug|Any CPU.Build.0 = Debug|Any CPU
		{89265594-15E8-433D-B88E-500C4A7BD568}.Release|Any CPU.ActiveCfg = Release|Any CPU
		{89265594-15E8-433D-B88E-500C4A7BD568}.Release|Any CPU.Build.0 = Release|Any CPU
		{629572DF-F5BE-4CC0-8389-E6238A74274C}.Debug|Any CPU.ActiveCfg = Debug|Any CPU
		{629572DF-F5BE-4CC0-8389-E6238A74274C}.Debug|Any CPU.Build.0 = Debug|Any CPU
		{629572DF-F5BE-4CC0-8389-E6238A74274C}.Release|Any CPU.ActiveCfg = Release|Any CPU
		{629572DF-F5BE-4CC0-8389-E6238A74274C}.Release|Any CPU.Build.0 = Release|Any CPU
		{194CFA64-9848-4B2E-8A9E-0B6E5E16F379}.Debug|Any CPU.ActiveCfg = Debug|Any CPU
		{194CFA64-9848-4B2E-8A9E-0B6E5E16F379}.Debug|Any CPU.Build.0 = Debug|Any CPU
		{194CFA64-9848-4B2E-8A9E-0B6E5E16F379}.Release|Any CPU.ActiveCfg = Release|Any CPU
		{194CFA64-9848-4B2E-8A9E-0B6E5E16F379}.Release|Any CPU.Build.0 = Release|Any CPU
		{1497CD01-03E2-4D3F-AA39-DC2EC16F1FF3}.Debug|Any CPU.ActiveCfg = Debug|Any CPU
		{1497CD01-03E2-4D3F-AA39-DC2EC16F1FF3}.Debug|Any CPU.Build.0 = Debug|Any CPU
		{1497CD01-03E2-4D3F-AA39-DC2EC16F1FF3}.Release|Any CPU.ActiveCfg = Release|Any CPU
		{1497CD01-03E2-4D3F-AA39-DC2EC16F1FF3}.Release|Any CPU.Build.0 = Release|Any CPU
		{62C7EFA5-EE85-4C99-A827-D2C92FECD825}.Debug|Any CPU.ActiveCfg = Debug|Any CPU
		{62C7EFA5-EE85-4C99-A827-D2C92FECD825}.Debug|Any CPU.Build.0 = Debug|Any CPU
		{62C7EFA5-EE85-4C99-A827-D2C92FECD825}.Release|Any CPU.ActiveCfg = Release|Any CPU
		{62C7EFA5-EE85-4C99-A827-D2C92FECD825}.Release|Any CPU.Build.0 = Release|Any CPU
		{C0913C6B-6840-4AFC-9EE5-8B401ADB3F65}.Debug|Any CPU.ActiveCfg = Debug|Any CPU
		{C0913C6B-6840-4AFC-9EE5-8B401ADB3F65}.Debug|Any CPU.Build.0 = Debug|Any CPU
		{C0913C6B-6840-4AFC-9EE5-8B401ADB3F65}.Release|Any CPU.ActiveCfg = Release|Any CPU
		{C0913C6B-6840-4AFC-9EE5-8B401ADB3F65}.Release|Any CPU.Build.0 = Release|Any CPU
		{99C82114-3444-404C-B408-122F23908199}.Debug|Any CPU.ActiveCfg = Debug|Any CPU
		{99C82114-3444-404C-B408-122F23908199}.Debug|Any CPU.Build.0 = Debug|Any CPU
		{99C82114-3444-404C-B408-122F23908199}.Release|Any CPU.ActiveCfg = Release|Any CPU
		{99C82114-3444-404C-B408-122F23908199}.Release|Any CPU.Build.0 = Release|Any CPU
		{67169A49-2FB7-42CA-AC6E-7D6EBD2BE232}.Debug|Any CPU.ActiveCfg = Debug|Any CPU
		{67169A49-2FB7-42CA-AC6E-7D6EBD2BE232}.Debug|Any CPU.Build.0 = Debug|Any CPU
		{67169A49-2FB7-42CA-AC6E-7D6EBD2BE232}.Release|Any CPU.ActiveCfg = Release|Any CPU
		{67169A49-2FB7-42CA-AC6E-7D6EBD2BE232}.Release|Any CPU.Build.0 = Release|Any CPU
		{6141F50E-E612-4380-84E7-346900753F34}.Debug|Any CPU.ActiveCfg = Debug|Any CPU
		{6141F50E-E612-4380-84E7-346900753F34}.Debug|Any CPU.Build.0 = Debug|Any CPU
		{6141F50E-E612-4380-84E7-346900753F34}.Release|Any CPU.ActiveCfg = Release|Any CPU
		{6141F50E-E612-4380-84E7-346900753F34}.Release|Any CPU.Build.0 = Release|Any CPU
		{AB425E23-5742-43C0-9ACF-925A501A058E}.Debug|Any CPU.ActiveCfg = Debug|Any CPU
		{AB425E23-5742-43C0-9ACF-925A501A058E}.Debug|Any CPU.Build.0 = Debug|Any CPU
		{AB425E23-5742-43C0-9ACF-925A501A058E}.Release|Any CPU.ActiveCfg = Release|Any CPU
		{AB425E23-5742-43C0-9ACF-925A501A058E}.Release|Any CPU.Build.0 = Release|Any CPU
		{A03DC4C0-A11F-4AB3-AAA3-3C85800C587C}.Debug|Any CPU.ActiveCfg = Debug|Any CPU
		{A03DC4C0-A11F-4AB3-AAA3-3C85800C587C}.Debug|Any CPU.Build.0 = Debug|Any CPU
		{A03DC4C0-A11F-4AB3-AAA3-3C85800C587C}.Release|Any CPU.ActiveCfg = Release|Any CPU
		{A03DC4C0-A11F-4AB3-AAA3-3C85800C587C}.Release|Any CPU.Build.0 = Release|Any CPU
		{648302B5-53EB-4111-9AAC-99176E6C24D7}.Debug|Any CPU.ActiveCfg = Debug|Any CPU
		{648302B5-53EB-4111-9AAC-99176E6C24D7}.Debug|Any CPU.Build.0 = Debug|Any CPU
		{648302B5-53EB-4111-9AAC-99176E6C24D7}.Release|Any CPU.ActiveCfg = Release|Any CPU
		{648302B5-53EB-4111-9AAC-99176E6C24D7}.Release|Any CPU.Build.0 = Release|Any CPU
	EndGlobalSection
	GlobalSection(SolutionProperties) = preSolution
		HideSolutionNode = FALSE
	EndGlobalSection
	GlobalSection(ExtensibilityGlobals) = postSolution
		SolutionGuid = {4077AC5E-065E-435B-B467-66B3D1776704}
	EndGlobalSection
EndGlobal
